{
    "_readme": [
        "This file locks the dependencies of your project to a known state",
        "Read more about it at https://getcomposer.org/doc/01-basic-usage.md#installing-dependencies",
        "This file is @generated automatically"
    ],
    "content-hash": "3e80af269bb95aa10108b9beac1271e0",
    "packages": [
        {
            "name": "londry/blob-common",
            "version": "dev-main",
            "source": {
                "type": "git",
                "url": "https://github.com/londry/blob-common.git",
                "reference": "b45bd969145c06990e42a698c25811434da980d1"
            },
            "dist": {
                "type": "zip",
                "url": "https://api.github.com/repos/londry/blob-common/zipball/b45bd969145c06990e42a698c25811434da980d1",
                "reference": "b45bd969145c06990e42a698c25811434da980d1",
                "shasum": "",
                "mirrors": [
                    {
                        "url": "https://mirrors.aliyun.com/composer/dists/%package%/%reference%.%type%",
                        "preferred": true
                    }
                ]
            },
            "require": {
                "ext-bcmath": "*",
                "ext-dom": "*",
                "ext-filter": "*",
                "ext-hash": "*",
                "ext-json": "*",
                "ext-mbstring": "*",
                "londry/blob-domain": "*",
                "londry/blob-mimes": "*",
                "php": ">= 7.0"
            },
            "require-dev": {
                "phpunit/phpunit": "5.7.*"
            },
            "suggest": {
                "blobfolio/blob-phone": "*"
            },
            "default-branch": true,
            "type": "library",
            "autoload": {
                "psr-4": {
                    "blobfolio\\common\\": "lib/blobfolio/common"
                }
            },
            "notification-url": "https://packagist.org/downloads/",
            "license": [
                "WTFPL"
            ],
            "authors": [
                {
                    "name": "Josh Stoik",
                    "email": "josh@blobfolio.com",
                    "homepage": "https://blobfolio.com"
                }
            ],
            "description": "An expansive PHP toolkit with functions for sanitizing, formatting, parsing, etc.",
            "homepage": "https://github.com/londry/blob-common",
            "keywords": [
                "data",
                "formatting",
                "parsing",
                "php",
                "sanitizing"
            ],
            "support": {
                "issues": "https://github.com/londry/blob-common/issues",
                "source": "https://github.com/londry/blob-common/tree/main"
            },
            "time": "2020-12-12T11:21:48+00:00"
        },
        {
            "name": "londry/blob-domain",
            "version": "dev-main",
            "source": {
                "type": "git",
                "url": "https://github.com/londry/blob-domain.git",
                "reference": "e9b37afab8ab14ca6e00adcd69ee2fe41e051f49"
            },
            "dist": {
                "type": "zip",
                "url": "https://api.github.com/repos/londry/blob-domain/zipball/e9b37afab8ab14ca6e00adcd69ee2fe41e051f49",
                "reference": "e9b37afab8ab14ca6e00adcd69ee2fe41e051f49",
                "shasum": "",
                "mirrors": [
                    {
                        "url": "https://mirrors.aliyun.com/composer/dists/%package%/%reference%.%type%",
                        "preferred": true
                    }
                ]
            },
            "require": {
                "ext-filter": "*",
                "ext-intl": "*",
                "ext-json": "*",
                "ext-mbstring": "*",
                "londry/blob-common": "*",
                "php": ">= 7.0"
            },
            "require-dev": {
                "phpunit/phpunit": "5.7.*"
            },
            "default-branch": true,
            "type": "library",
            "autoload": {
                "psr-4": {
                    "blobfolio\\domain\\": "lib/blobfolio/domain"
                }
            },
            "notification-url": "https://packagist.org/downloads/",
            "license": [
                "WTFPL"
            ],
            "authors": [
                {
                    "name": "Josh Stoik",
                    "email": "josh@blobfolio.com",
                    "homepage": "https://blobfolio.com"
                }
            ],
            "description": "Parse and validate domain names.",
            "homepage": "https://github.com/Blobfolio/blob-domain",
            "keywords": [
                "Public Suffix List",
                "domain",
                "formatting",
                "iana",
                "icann",
                "idn",
                "php",
                "tld"
            ],
            "support": {
                "issues": "https://github.com/londry/blob-domain/issues",
                "source": "https://github.com/londry/blob-domain/tree/main"
            },
            "time": "2020-12-12T11:28:33+00:00"
        },
        {
            "name": "londry/blob-mimes",
            "version": "dev-main",
            "source": {
                "type": "git",
                "url": "https://github.com/londry/blob-mimes.git",
                "reference": "2874e175a9963ad1a54c2eb24363a1bba7b5acb6"
            },
            "dist": {
                "type": "zip",
                "url": "https://api.github.com/repos/londry/blob-mimes/zipball/2874e175a9963ad1a54c2eb24363a1bba7b5acb6",
                "reference": "2874e175a9963ad1a54c2eb24363a1bba7b5acb6",
                "shasum": "",
                "mirrors": [
                    {
                        "url": "https://mirrors.aliyun.com/composer/dists/%package%/%reference%.%type%",
                        "preferred": true
                    }
                ]
            },
            "require": {
                "ext-bcmath": "*",
                "ext-dom": "*",
                "ext-filter": "*",
                "ext-hash": "*",
                "ext-json": "*",
                "ext-mbstring": "*",
                "londry/blob-common": "*",
                "php": ">= 7.0"
            },
            "require-dev": {
                "phpunit/phpunit": "5.7.*"
            },
            "default-branch": true,
            "type": "library",
            "autoload": {
                "psr-4": {
                    "blobfolio\\mimes\\": "lib/blobfolio/mimes"
                }
            },
            "notification-url": "https://packagist.org/downloads/",
            "license": [
                "WTFPL"
            ],
            "authors": [
                {
                    "name": "Josh Stoik",
                    "email": "josh@blobfolio.com",
                    "homepage": "https://blobfolio.com"
                }
            ],
            "description": "A comprehensive MIME and file extension tool for PHP.",
            "homepage": "https://github.com/Blobfolio/blob-mimes",
            "keywords": [
                "extensions",
                "files",
                "mimes",
                "suffix"
            ],
            "support": {
                "issues": "https://github.com/londry/blob-mimes/issues",
                "source": "https://github.com/londry/blob-mimes/tree/main"
            },
            "time": "2020-12-12T11:25:05+00:00"
        },
        {
            "name": "ltd-beget/apache-configurator",
            "version": "dev-master",
            "source": {
                "type": "git",
                "url": "https://github.com/LTD-Beget/apache-configurator.git",
                "reference": "33d21c015320253b47fd322cab6e5d331ca1660c"
            },
            "dist": {
                "type": "zip",
                "url": "https://api.github.com/repos/LTD-Beget/apache-configurator/zipball/33d21c015320253b47fd322cab6e5d331ca1660c",
                "reference": "33d21c015320253b47fd322cab6e5d331ca1660c",
                "shasum": "",
                "mirrors": [
                    {
                        "url": "https://mirrors.aliyun.com/composer/dists/%package%/%reference%.%type%",
                        "preferred": true
                    }
                ]
            },
            "require": {
                "php": ">=5.5"
            },
            "default-branch": true,
            "type": "library",
            "autoload": {
                "psr-0": {
                    "LTDBeget\\apacheConfigurator": "src"
                }
            },
            "notification-url": "https://packagist.org/downloads/",
            "authors": [
                {
                    "name": "Viskov Sergey",
                    "homepage": "https://github.com/voksiv"
                }
            ],
            "description": "PHP library for parsing and editing apache configuration files.",
            "keywords": [
                "apache"
            ],
            "support": {
                "issues": "https://github.com/LTD-Beget/apache-configurator/issues",
                "source": "https://github.com/LTD-Beget/apache-configurator/tree/1.0.1"
            },
            "time": "2016-01-28T18:48:49+00:00"
        },
        {
            "name": "nette/caching",
            "version": "v3.1.x-dev",
            "source": {
                "type": "git",
                "url": "https://github.com/nette/caching.git",
                "reference": "3e771c589dee414724be473c24ad16dae50c1960"
            },
            "dist": {
                "type": "zip",
                "url": "https://api.github.com/repos/nette/caching/zipball/3e771c589dee414724be473c24ad16dae50c1960",
                "reference": "3e771c589dee414724be473c24ad16dae50c1960",
                "shasum": "",
                "mirrors": [
                    {
                        "url": "https://mirrors.aliyun.com/composer/dists/%package%/%reference%.%type%",
                        "preferred": true
                    }
                ]
            },
            "require": {
                "nette/finder": "^2.4 || ^3.0",
                "nette/utils": "^2.4 || ^3.0",
                "php": ">=7.2 <8.1"
            },
            "require-dev": {
                "latte/latte": "^2.10",
                "nette/di": "^v3.0",
                "nette/tester": "^2.0",
                "phpstan/phpstan": "^0.12",
                "tracy/tracy": "^2.4"
            },
            "suggest": {
                "ext-pdo_sqlite": "to use SQLiteStorage or SQLiteJournal"
            },
            "type": "library",
            "extra": {
                "branch-alias": {
                    "dev-master": "3.1-dev"
                }
            },
            "autoload": {
                "classmap": [
                    "src/"
                ]
            },
            "notification-url": "https://packagist.org/downloads/",
            "license": [
                "BSD-3-Clause",
                "GPL-2.0-only",
                "GPL-3.0-only"
            ],
            "authors": [
                {
                    "name": "David Grudl",
                    "homepage": "https://davidgrudl.com"
                },
                {
                    "name": "Nette Community",
                    "homepage": "https://nette.org/contributors"
                }
            ],
            "description": "⏱ Nette Caching: library with easy-to-use API and many cache backends.",
            "homepage": "https://nette.org",
            "keywords": [
                "cache",
                "journal",
                "memcached",
                "nette",
                "sqlite"
            ],
            "support": {
                "issues": "https://github.com/nette/caching/issues",
                "source": "https://github.com/nette/caching/tree/v3.1"
            },
            "time": "2021-03-06T14:07:38+00:00"
        },
        {
            "name": "nette/database",
            "version": "v3.0.6",
            "source": {
                "type": "git",
                "url": "https://github.com/nette/database.git",
                "reference": "daccbd526f74311549e5c81d3181fc74f87c6733"
            },
            "dist": {
                "type": "zip",
                "url": "https://api.github.com/repos/nette/database/zipball/daccbd526f74311549e5c81d3181fc74f87c6733",
                "reference": "daccbd526f74311549e5c81d3181fc74f87c6733",
                "shasum": "",
                "mirrors": [
                    {
                        "url": "https://mirrors.aliyun.com/composer/dists/%package%/%reference%.%type%",
                        "preferred": true
                    }
                ]
            },
            "require": {
                "ext-pdo": "*",
                "nette/caching": "^3.0",
                "nette/utils": "^3.1",
                "php": ">=7.1"
            },
            "conflict": {
                "nette/di": "<3.0-stable"
            },
            "require-dev": {
                "mockery/mockery": "^1.0.0",
                "nette/di": "^v3.0",
                "nette/tester": "^2.0",
                "phpstan/phpstan-nette": "^0.12",
                "tracy/tracy": "^2.4"
            },
            "type": "library",
            "extra": {
                "branch-alias": {
                    "dev-master": "3.0-dev"
                }
            },
            "autoload": {
                "classmap": [
                    "src/"
                ]
            },
            "notification-url": "https://packagist.org/downloads/",
            "license": [
                "BSD-3-Clause",
                "GPL-2.0-only",
                "GPL-3.0-only"
            ],
            "authors": [
                {
                    "name": "David Grudl",
                    "homepage": "https://davidgrudl.com"
                },
                {
                    "name": "Nette Community",
                    "homepage": "https://nette.org/contributors"
                }
            ],
            "description": "💾 Nette Database: layer with a familiar PDO-like API but much more powerful. Building queries, advanced joins, drivers for MySQL, PostgreSQL, SQLite, MS SQL Server and Oracle.",
            "homepage": "https://nette.org",
            "keywords": [
                "database",
                "mssql",
                "mysql",
                "nette",
                "notorm",
                "oracle",
                "pdo",
                "postgresql",
                "queries",
                "sqlite"
            ],
            "support": {
                "issues": "https://github.com/nette/database/issues",
                "source": "https://github.com/nette/database/tree/v3.0.6"
            },
            "time": "2020-02-04T12:48:51+00:00"
        },
        {
            "name": "nette/finder",
            "version": "v2.5.x-dev",
            "source": {
                "type": "git",
                "url": "https://github.com/nette/finder.git",
                "reference": "56c89ac03c793de7774f5dc105192834480580ba"
            },
            "dist": {
                "type": "zip",
                "url": "https://api.github.com/repos/nette/finder/zipball/56c89ac03c793de7774f5dc105192834480580ba",
                "reference": "56c89ac03c793de7774f5dc105192834480580ba",
                "shasum": "",
                "mirrors": [
                    {
                        "url": "https://mirrors.aliyun.com/composer/dists/%package%/%reference%.%type%",
                        "preferred": true
                    }
                ]
            },
            "require": {
                "nette/utils": "^2.4 || ^3.0",
                "php": ">=7.1"
            },
            "conflict": {
                "nette/nette": "<2.2"
            },
            "require-dev": {
                "nette/tester": "^2.0",
                "phpstan/phpstan": "^0.12",
                "tracy/tracy": "^2.3"
            },
            "type": "library",
            "extra": {
                "branch-alias": {
                    "dev-master": "2.5-dev"
                }
            },
            "autoload": {
                "classmap": [
                    "src/"
                ]
            },
            "notification-url": "https://packagist.org/downloads/",
            "license": [
                "BSD-3-Clause",
                "GPL-2.0-only",
                "GPL-3.0-only"
            ],
            "authors": [
                {
                    "name": "David Grudl",
                    "homepage": "https://davidgrudl.com"
                },
                {
                    "name": "Nette Community",
                    "homepage": "https://nette.org/contributors"
                }
            ],
            "description": "🔍 Nette Finder: find files and directories with an intuitive API.",
            "homepage": "https://nette.org",
            "keywords": [
                "filesystem",
                "glob",
                "iterator",
                "nette"
            ],
            "support": {
                "issues": "https://github.com/nette/finder/issues",
                "source": "https://github.com/nette/finder/tree/v2.5"
            },
            "time": "2021-03-16T01:06:08+00:00"
        },
        {
            "name": "nette/utils",
            "version": "v3.2.x-dev",
            "source": {
                "type": "git",
                "url": "https://github.com/nette/utils.git",
                "reference": "967cfc4f9a1acd5f1058d76715a424c53343c20c"
            },
            "dist": {
                "type": "zip",
                "url": "https://api.github.com/repos/nette/utils/zipball/967cfc4f9a1acd5f1058d76715a424c53343c20c",
                "reference": "967cfc4f9a1acd5f1058d76715a424c53343c20c",
                "shasum": "",
                "mirrors": [
                    {
                        "url": "https://mirrors.aliyun.com/composer/dists/%package%/%reference%.%type%",
                        "preferred": true
                    }
                ]
            },
            "require": {
                "php": ">=7.2 <8.1"
            },
            "conflict": {
                "nette/di": "<3.0.6"
            },
            "require-dev": {
                "nette/tester": "~2.0",
                "phpstan/phpstan": "^0.12",
                "tracy/tracy": "^2.3"
            },
            "suggest": {
                "ext-gd": "to use Image",
                "ext-iconv": "to use Strings::webalize(), toAscii(), chr() and reverse()",
                "ext-intl": "to use Strings::webalize(), toAscii(), normalize() and compare()",
                "ext-json": "to use Nette\\Utils\\Json",
                "ext-mbstring": "to use Strings::lower() etc...",
                "ext-tokenizer": "to use Nette\\Utils\\Reflection::getUseStatements()",
                "ext-xml": "to use Strings::length() etc. when mbstring is not available"
            },
            "type": "library",
            "extra": {
                "branch-alias": {
                    "dev-master": "3.2-dev"
                }
            },
            "autoload": {
                "classmap": [
                    "src/"
                ]
            },
            "notification-url": "https://packagist.org/downloads/",
            "license": [
                "BSD-3-Clause",
                "GPL-2.0-only",
                "GPL-3.0-only"
            ],
            "authors": [
                {
                    "name": "David Grudl",
                    "homepage": "https://davidgrudl.com"
                },
                {
                    "name": "Nette Community",
                    "homepage": "https://nette.org/contributors"
                }
            ],
            "description": "🛠  Nette Utils: lightweight utilities for string & array manipulation, image handling, safe JSON encoding/decoding, validation, slug or strong password generating etc.",
            "homepage": "https://nette.org",
            "keywords": [
                "array",
                "core",
                "datetime",
                "images",
                "json",
                "nette",
                "paginator",
                "password",
                "slugify",
                "string",
                "unicode",
                "utf-8",
                "utility",
                "validation"
            ],
            "support": {
                "issues": "https://github.com/nette/utils/issues",
                "source": "https://github.com/nette/utils/tree/v3.2"
            },
            "time": "2021-03-03T22:53:25+00:00"
        },
        {
            "name": "romanpitak/nginx-config-processor",
            "version": "dev-master",
            "source": {
                "type": "git",
                "url": "https://github.com/romanpitak/Nginx-Config-Processor.git",
                "reference": "0dfcbbda696c7baeed8f955e4831696d90e56758"
            },
            "dist": {
                "type": "zip",
                "url": "https://api.github.com/repos/romanpitak/Nginx-Config-Processor/zipball/0dfcbbda696c7baeed8f955e4831696d90e56758",
                "reference": "0dfcbbda696c7baeed8f955e4831696d90e56758",
                "shasum": "",
                "mirrors": [
                    {
                        "url": "https://mirrors.aliyun.com/composer/dists/%package%/%reference%.%type%",
                        "preferred": true
                    }
                ]
            },
            "require": {
                "php": ">=5.3.3"
            },
            "require-dev": {
                "codacy/coverage": "dev-master",
                "codeclimate/php-test-reporter": "dev-master"
            },
            "default-branch": true,
            "type": "library",
            "autoload": {
                "psr-4": {
                    "RomanPitak\\Nginx\\Config\\": "src/"
                }
            },
            "notification-url": "https://packagist.org/downloads/",
            "license": [
                "MIT"
            ],
            "authors": [
                {
                    "name": "Roman Piták",
                    "email": "roman@pitak.net",
                    "homepage": "http://pitak.net",
                    "role": "Developer"
                }
            ],
            "description": "Nginx configuration files processor.",
            "homepage": "https://github.com/romanpitak/Nginx-Config-Processor",
            "keywords": [
                "conf",
                "conf file",
                "config",
                "config file",
                "configuration",
                "configuration file",
                "create",
                "creator",
                "manager",
                "nginx",
                "parser",
                "php",
                "processor"
            ],
            "support": {
                "email": "roman@pitak.net",
                "issues": "https://github.com/romanpitak/Nginx-Config-Processor/issues",
                "source": "https://github.com/romanpitak/Nginx-Config-Processor"
            },
            "time": "2016-01-31T19:44:23+00:00"
        },
        {
            "name": "symfony/polyfill-ctype",
            "version": "dev-main",
            "source": {
                "type": "git",
                "url": "https://github.com/symfony/polyfill-ctype.git",
                "reference": "c6c942b1ac76c82448322025e084cadc56048b4e"
            },
            "dist": {
                "type": "zip",
                "url": "https://api.github.com/repos/symfony/polyfill-ctype/zipball/c6c942b1ac76c82448322025e084cadc56048b4e",
                "reference": "c6c942b1ac76c82448322025e084cadc56048b4e",
                "shasum": "",
                "mirrors": [
                    {
                        "url": "https://mirrors.aliyun.com/composer/dists/%package%/%reference%.%type%",
                        "preferred": true
                    }
                ]
            },
            "require": {
                "php": ">=7.1"
            },
            "suggest": {
                "ext-ctype": "For best performance"
            },
            "default-branch": true,
            "type": "library",
            "extra": {
                "branch-alias": {
                    "dev-main": "1.22-dev"
                },
                "thanks": {
                    "name": "symfony/polyfill",
                    "url": "https://github.com/symfony/polyfill"
                }
            },
            "autoload": {
                "psr-4": {
                    "Symfony\\Polyfill\\Ctype\\": ""
                },
                "files": [
                    "bootstrap.php"
                ]
            },
            "notification-url": "https://packagist.org/downloads/",
            "license": [
                "MIT"
            ],
            "authors": [
                {
                    "name": "Gert de Pagter",
                    "email": "BackEndTea@gmail.com"
                },
                {
                    "name": "Symfony Community",
                    "homepage": "https://symfony.com/contributors"
                }
            ],
            "description": "Symfony polyfill for ctype functions",
            "homepage": "https://symfony.com",
            "keywords": [
                "compatibility",
                "ctype",
                "polyfill",
                "portable"
            ],
            "support": {
                "source": "https://github.com/symfony/polyfill-ctype/tree/v1.22.1"
            },
            "funding": [
                {
                    "url": "https://symfony.com/sponsor",
                    "type": "custom"
                },
                {
                    "url": "https://github.com/fabpot",
                    "type": "github"
                },
                {
                    "url": "https://tidelift.com/funding/github/packagist/symfony/symfony",
                    "type": "tidelift"
                }
            ],
            "time": "2021-01-07T16:49:33+00:00"
        },
        {
            "name": "symfony/polyfill-mbstring",
            "version": "dev-main",
            "source": {
                "type": "git",
                "url": "https://github.com/symfony/polyfill-mbstring.git",
                "reference": "5232de97ee3b75b0360528dae24e73db49566ab1"
            },
            "dist": {
                "type": "zip",
                "url": "https://api.github.com/repos/symfony/polyfill-mbstring/zipball/5232de97ee3b75b0360528dae24e73db49566ab1",
                "reference": "5232de97ee3b75b0360528dae24e73db49566ab1",
                "shasum": "",
                "mirrors": [
                    {
                        "url": "https://mirrors.aliyun.com/composer/dists/%package%/%reference%.%type%",
                        "preferred": true
                    }
                ]
            },
            "require": {
                "php": ">=7.1"
            },
            "suggest": {
                "ext-mbstring": "For best performance"
            },
            "default-branch": true,
            "type": "library",
            "extra": {
                "branch-alias": {
                    "dev-main": "1.22-dev"
                },
                "thanks": {
                    "name": "symfony/polyfill",
                    "url": "https://github.com/symfony/polyfill"
                }
            },
            "autoload": {
                "psr-4": {
                    "Symfony\\Polyfill\\Mbstring\\": ""
                },
                "files": [
                    "bootstrap.php"
                ]
            },
            "notification-url": "https://packagist.org/downloads/",
            "license": [
                "MIT"
            ],
            "authors": [
                {
                    "name": "Nicolas Grekas",
                    "email": "p@tchwork.com"
                },
                {
                    "name": "Symfony Community",
                    "homepage": "https://symfony.com/contributors"
                }
            ],
            "description": "Symfony polyfill for the Mbstring extension",
            "homepage": "https://symfony.com",
            "keywords": [
                "compatibility",
                "mbstring",
                "polyfill",
                "portable",
                "shim"
            ],
            "support": {
                "source": "https://github.com/symfony/polyfill-mbstring/tree/v1.22.1"
            },
            "funding": [
                {
                    "url": "https://symfony.com/sponsor",
                    "type": "custom"
                },
                {
                    "url": "https://github.com/fabpot",
                    "type": "github"
                },
                {
                    "url": "https://tidelift.com/funding/github/packagist/symfony/symfony",
                    "type": "tidelift"
                }
            ],
            "time": "2021-01-22T09:19:47+00:00"
        },
        {
            "name": "twig/twig",
            "version": "v2.12.5",
            "source": {
                "type": "git",
                "url": "https://github.com/twigphp/Twig.git",
                "reference": "18772e0190734944277ee97a02a9a6c6555fcd94"
            },
            "dist": {
                "type": "zip",
                "url": "https://api.github.com/repos/twigphp/Twig/zipball/18772e0190734944277ee97a02a9a6c6555fcd94",
                "reference": "18772e0190734944277ee97a02a9a6c6555fcd94",
                "shasum": "",
                "mirrors": [
                    {
                        "url": "https://mirrors.aliyun.com/composer/dists/%package%/%reference%.%type%",
                        "preferred": true
                    }
                ]
            },
            "require": {
                "php": "^7.0",
                "symfony/polyfill-ctype": "^1.8",
                "symfony/polyfill-mbstring": "^1.3"
            },
            "require-dev": {
                "psr/container": "^1.0",
                "symfony/phpunit-bridge": "^4.4|^5.0"
            },
            "type": "library",
            "extra": {
                "branch-alias": {
                    "dev-master": "2.12-dev"
                }
            },
            "autoload": {
                "psr-0": {
                    "Twig_": "lib/"
                },
                "psr-4": {
                    "Twig\\": "src/"
                }
            },
            "notification-url": "https://packagist.org/downloads/",
            "license": [
                "BSD-3-Clause"
            ],
            "authors": [
                {
                    "name": "Fabien Potencier",
                    "email": "fabien@symfony.com",
                    "homepage": "http://fabien.potencier.org",
                    "role": "Lead Developer"
                },
                {
                    "name": "Twig Team",
                    "role": "Contributors"
                },
                {
                    "name": "Armin Ronacher",
                    "email": "armin.ronacher@active-4.com",
                    "role": "Project Founder"
                }
            ],
            "description": "Twig, the flexible, fast, and secure template language for PHP",
            "homepage": "https://twig.symfony.com",
            "keywords": [
                "templating"
            ],
            "support": {
                "issues": "https://github.com/twigphp/Twig/issues",
                "source": "https://github.com/twigphp/Twig/tree/2.x"
            },
            "time": "2020-02-11T15:31:23+00:00"
        }
    ],
    "packages-dev": [],
    "aliases": [],
    "minimum-stability": "dev",
    "stability-flags": {
        "londry/blob-domain": 20,
        "londry/blob-common": 20
    },
    "prefer-stable": false,
    "prefer-lowest": false,
    "platform": {
        "ext-pdo": "*",
        "ext-openssl": "*",
        "php": "^7.1",
        "ext-json": "*",
        "ext-curl": "*",
        "ext-sqlite3": "*"
    },
    "platform-dev": [],
    "plugin-api-version": "2.0.0"
}
